
Microsoft Visual Studio Solution File, Format Version 12.00
# Visual Studio Version 17
VisualStudioVersion = 17.4.33110.190
MinimumVisualStudioVersion = 10.0.40219.1
Project("{9A19103F-16F7-4668-BE54-9A1E7A4F7556}") = "alset-aloc", "alset-aloc\alset-aloc.csproj", "{A1216FF2-8F3B-4C07-B9DB-79C60F3AA96F}"
EndProject
Project("{9A19103F-16F7-4668-BE54-9A1E7A4F7556}") = "FerramentasBiblioteca", "FerramentasBiblioteca\FerramentasBiblioteca.csproj", "{24D6A32C-7A13-4876-A102-E416432ADB00}"
EndProject
Global
	GlobalSection(SolutionConfigurationPlatforms) = preSolution
		Debug|Any CPU = Debug|Any CPU
		Release|Any CPU = Release|Any CPU
	EndGlobalSection
	GlobalSection(ProjectConfigurationPlatforms) = postSolution
		{A1216FF2-8F3B-4C07-B9DB-79C60F3AA96F}.Debug|Any CPU.ActiveCfg = Debug|Any CPU
		{A1216FF2-8F3B-4C07-B9DB-79C60F3AA96F}.Debug|Any CPU.Build.0 = Debug|Any CPU
		{A1216FF2-8F3B-4C07-B9DB-79C60F3AA96F}.Release|Any CPU.ActiveCfg = Release|Any CPU
		{A1216FF2-8F3B-4C07-B9DB-79C60F3AA96F}.Release|Any CPU.Build.0 = Release|Any CPU
		{24D6A32C-7A13-4876-A102-E416432ADB00}.Debug|Any CPU.ActiveCfg = Debug|Any CPU
		{24D6A32C-7A13-4876-A102-E416432ADB00}.Debug|Any CPU.Build.0 = Debug|Any CPU
		{24D6A32C-7A13-4876-A102-E416432ADB00}.Release|Any CPU.ActiveCfg = Release|Any CPU
		{24D6A32C-7A13-4876-A102-E416432ADB00}.Release|Any CPU.Build.0 = Release|Any CPU
	EndGlobalSection
	GlobalSection(SolutionProperties) = preSolution
		HideSolutionNode = FALSE
	EndGlobalSection
	GlobalSection(ExtensibilityGlobals) = postSolution
		SolutionGuid = {025D1097-1D8B-4252-A6F6-5942FAC2EE16}
	EndGlobalSection
EndGlobal
